[root]
name = "typedruby"
version = "0.0.1"
dependencies = [
 "gc 0.3.0 (registry+https://github.com/rust-lang/crates.io-index)",
 "gc_derive 0.3.0 (registry+https://github.com/rust-lang/crates.io-index)",
 "ruby_parser 0.1.0 (git+ssh://git@github.com/github/ruby_parser.git)",
]

[[package]]
name = "gc"
version = "0.3.0"
source = "registry+https://github.com/rust-lang/crates.io-index"

[[package]]
name = "gc_derive"
version = "0.3.0"
source = "registry+https://github.com/rust-lang/crates.io-index"
dependencies = [
 "quote 0.3.15 (registry+https://github.com/rust-lang/crates.io-index)",
 "syn 0.10.8 (registry+https://github.com/rust-lang/crates.io-index)",
 "synstructure 0.4.0 (registry+https://github.com/rust-lang/crates.io-index)",
]

[[package]]
name = "libc"
version = "0.2.21"
source = "registry+https://github.com/rust-lang/crates.io-index"

[[package]]
name = "quote"
version = "0.3.15"
source = "registry+https://github.com/rust-lang/crates.io-index"

[[package]]
name = "ruby_parser"
version = "0.1.0"
source = "git+ssh://git@github.com/github/ruby_parser.git#7e8db5ade7ab52e1a253b9b78f17b2e56033b0f2"
dependencies = [
 "libc 0.2.21 (registry+https://github.com/rust-lang/crates.io-index)",
]

[[package]]
name = "syn"
version = "0.10.8"
source = "registry+https://github.com/rust-lang/crates.io-index"
dependencies = [
 "quote 0.3.15 (registry+https://github.com/rust-lang/crates.io-index)",
 "unicode-xid 0.0.4 (registry+https://github.com/rust-lang/crates.io-index)",
]

[[package]]
name = "synstructure"
version = "0.4.0"
source = "registry+https://github.com/rust-lang/crates.io-index"
dependencies = [
 "quote 0.3.15 (registry+https://github.com/rust-lang/crates.io-index)",
 "syn 0.10.8 (registry+https://github.com/rust-lang/crates.io-index)",
]

[[package]]
name = "unicode-xid"
version = "0.0.4"
source = "registry+https://github.com/rust-lang/crates.io-index"

[metadata]
"checksum gc 0.3.0 (registry+https://github.com/rust-lang/crates.io-index)" = "43d19d8adb5cc3b154e6e1c1e1d53c929aa00f7c28e0f41c898e05137d397cb2"
"checksum gc_derive 0.3.0 (registry+https://github.com/rust-lang/crates.io-index)" = "43b8c55d2a03f5cb783892299c808aa013d9625fb337dd20b5dba638fc855ea7"
"checksum libc 0.2.21 (registry+https://github.com/rust-lang/crates.io-index)" = "88ee81885f9f04bff991e306fea7c1c60a5f0f9e409e99f6b40e3311a3363135"
"checksum quote 0.3.15 (registry+https://github.com/rust-lang/crates.io-index)" = "7a6e920b65c65f10b2ae65c831a81a073a89edd28c7cce89475bff467ab4167a"
"checksum ruby_parser 0.1.0 (git+ssh://git@github.com/github/ruby_parser.git)" = "<none>"
"checksum syn 0.10.8 (registry+https://github.com/rust-lang/crates.io-index)" = "58fd09df59565db3399efbba34ba8a2fec1307511ebd245d0061ff9d42691673"
"checksum synstructure 0.4.0 (registry+https://github.com/rust-lang/crates.io-index)" = "e13808dc5a739d5ff1cff4a2361afdf4ec52d42221c7ddc1d8c438f5a53746a7"
"checksum unicode-xid 0.0.4 (registry+https://github.com/rust-lang/crates.io-index)" = "8c1f860d7d29cf02cb2f3f359fd35991af3d30bac52c57d265a3c461074cb4dc"
