[root]
name = "typedruby"
version = "0.0.1"
dependencies = [
 "ruby_parser 0.1.0 (git+ssh://git@github.com/github/ruby_parser.git)",
]

[[package]]
name = "libc"
version = "0.2.21"
source = "registry+https://github.com/rust-lang/crates.io-index"

[[package]]
name = "ruby_parser"
version = "0.1.0"
source = "git+ssh://git@github.com/github/ruby_parser.git#c56aad8b15e19d303e5c7e3ac4f8a8ee2fa0ead9"
dependencies = [
 "libc 0.2.21 (registry+https://github.com/rust-lang/crates.io-index)",
]

[metadata]
"checksum libc 0.2.21 (registry+https://github.com/rust-lang/crates.io-index)" = "88ee81885f9f04bff991e306fea7c1c60a5f0f9e409e99f6b40e3311a3363135"
"checksum ruby_parser 0.1.0 (git+ssh://git@github.com/github/ruby_parser.git)" = "<none>"
